
Microsoft Visual Studio Solution File, Format Version 12.00
# Visual Studio Version 16
VisualStudioVersion = 16.0.29613.14
MinimumVisualStudioVersion = 10.0.40219.1
Project("{9A19103F-16F7-4668-BE54-9A1E7A4F7556}") = "KanjiPEPS", "KanjiPEPS\KanjiPEPS.csproj", "{DD2DD5FB-C451-4969-B762-7B869414B250}"
EndProject
Project("{8BC9CEB8-8B4A-11D0-8D11-00A0C91BC942}") = "Pricer", "Pricer\Pricer.vcxproj", "{CAFEB82F-9272-4C2D-9434-8FED782CB3E4}"
EndProject
Project("{8BC9CEB8-8B4A-11D0-8D11-00A0C91BC942}") = "WrapperPricer", "WrapperPricer\WrapperPricer.vcxproj", "{70FE9642-0C9A-4611-97D4-920F0AE7F5D6}"
EndProject
Global
	GlobalSection(SolutionConfigurationPlatforms) = preSolution
		Debug|Any CPU = Debug|Any CPU
		Debug|x64 = Debug|x64
		Debug|x86 = Debug|x86
		Release|Any CPU = Release|Any CPU
		Release|x64 = Release|x64
		Release|x86 = Release|x86
	EndGlobalSection
	GlobalSection(ProjectConfigurationPlatforms) = postSolution
		{DD2DD5FB-C451-4969-B762-7B869414B250}.Debug|Any CPU.ActiveCfg = Debug|Any CPU
		{DD2DD5FB-C451-4969-B762-7B869414B250}.Debug|Any CPU.Build.0 = Debug|Any CPU
		{DD2DD5FB-C451-4969-B762-7B869414B250}.Debug|x64.ActiveCfg = Debug|Any CPU
		{DD2DD5FB-C451-4969-B762-7B869414B250}.Debug|x64.Build.0 = Debug|Any CPU
		{DD2DD5FB-C451-4969-B762-7B869414B250}.Debug|x86.ActiveCfg = Debug|Any CPU
		{DD2DD5FB-C451-4969-B762-7B869414B250}.Debug|x86.Build.0 = Debug|Any CPU
		{DD2DD5FB-C451-4969-B762-7B869414B250}.Release|Any CPU.ActiveCfg = Release|Any CPU
		{DD2DD5FB-C451-4969-B762-7B869414B250}.Release|Any CPU.Build.0 = Release|Any CPU
		{DD2DD5FB-C451-4969-B762-7B869414B250}.Release|x64.ActiveCfg = Release|Any CPU
		{DD2DD5FB-C451-4969-B762-7B869414B250}.Release|x64.Build.0 = Release|Any CPU
		{DD2DD5FB-C451-4969-B762-7B869414B250}.Release|x86.ActiveCfg = Release|Any CPU
		{DD2DD5FB-C451-4969-B762-7B869414B250}.Release|x86.Build.0 = Release|Any CPU
		{CAFEB82F-9272-4C2D-9434-8FED782CB3E4}.Debug|Any CPU.ActiveCfg = Debug|Win32
		{CAFEB82F-9272-4C2D-9434-8FED782CB3E4}.Debug|x64.ActiveCfg = Debug|x64
		{CAFEB82F-9272-4C2D-9434-8FED782CB3E4}.Debug|x64.Build.0 = Debug|x64
		{CAFEB82F-9272-4C2D-9434-8FED782CB3E4}.Debug|x86.ActiveCfg = Debug|Win32
		{CAFEB82F-9272-4C2D-9434-8FED782CB3E4}.Debug|x86.Build.0 = Debug|Win32
		{CAFEB82F-9272-4C2D-9434-8FED782CB3E4}.Release|Any CPU.ActiveCfg = Release|Win32
		{CAFEB82F-9272-4C2D-9434-8FED782CB3E4}.Release|x64.ActiveCfg = Release|x64
		{CAFEB82F-9272-4C2D-9434-8FED782CB3E4}.Release|x64.Build.0 = Release|x64
		{CAFEB82F-9272-4C2D-9434-8FED782CB3E4}.Release|x86.ActiveCfg = Release|Win32
		{CAFEB82F-9272-4C2D-9434-8FED782CB3E4}.Release|x86.Build.0 = Release|Win32
		{70FE9642-0C9A-4611-97D4-920F0AE7F5D6}.Debug|Any CPU.ActiveCfg = Debug|Win32
		{70FE9642-0C9A-4611-97D4-920F0AE7F5D6}.Debug|x64.ActiveCfg = Debug|x64
		{70FE9642-0C9A-4611-97D4-920F0AE7F5D6}.Debug|x64.Build.0 = Debug|x64
		{70FE9642-0C9A-4611-97D4-920F0AE7F5D6}.Debug|x86.ActiveCfg = Debug|Win32
		{70FE9642-0C9A-4611-97D4-920F0AE7F5D6}.Debug|x86.Build.0 = Debug|Win32
		{70FE9642-0C9A-4611-97D4-920F0AE7F5D6}.Release|Any CPU.ActiveCfg = Release|Win32
		{70FE9642-0C9A-4611-97D4-920F0AE7F5D6}.Release|x64.ActiveCfg = Release|x64
		{70FE9642-0C9A-4611-97D4-920F0AE7F5D6}.Release|x64.Build.0 = Release|x64
		{70FE9642-0C9A-4611-97D4-920F0AE7F5D6}.Release|x86.ActiveCfg = Release|Win32
		{70FE9642-0C9A-4611-97D4-920F0AE7F5D6}.Release|x86.Build.0 = Release|Win32
	EndGlobalSection
	GlobalSection(SolutionProperties) = preSolution
		HideSolutionNode = FALSE
	EndGlobalSection
	GlobalSection(ExtensibilityGlobals) = postSolution
		SolutionGuid = {94A0E6D6-5057-4F95-8710-44B371605CFC}
	EndGlobalSection
EndGlobal
