
Microsoft Visual Studio Solution File, Format Version 12.00
# Visual Studio 15
VisualStudioVersion = 15.0.28307.779
MinimumVisualStudioVersion = 10.0.40219.1
Project("{FAE04EC0-301F-11D3-BF4B-00C04F79EFBC}") = "WebComponent", "WebComponent\WebComponent.csproj", "{FF027613-D614-41B4-855E-60C316DA8BB7}"
EndProject
Project("{8BC9CEB8-8B4A-11D0-8D11-00A0C91BC942}") = "Pricer", "Pricer\Pricer.vcxproj", "{CAFEB82F-9272-4C2D-9434-8FED782CB3E4}"
EndProject
Project("{8BC9CEB8-8B4A-11D0-8D11-00A0C91BC942}") = "PricerValidation", "PricerValidation\PricerValidation.vcxproj", "{EBD4F94D-03DB-484C-AA51-A73B103C4653}"
EndProject
Project("{8BC9CEB8-8B4A-11D0-8D11-00A0C91BC942}") = "HedgingValidation", "HedgingValidation\HedgingValidation.vcxproj", "{7D008B51-D480-4563-8A12-0DAF99B86998}"
EndProject
Project("{8BC9CEB8-8B4A-11D0-8D11-00A0C91BC942}") = "WrapperComponent", "WrapperComponent\WrapperComponent.vcxproj", "{1D60021A-BC78-458D-B18C-B1D3845FB77E}"
EndProject
Project("{FAE04EC0-301F-11D3-BF4B-00C04F79EFBC}") = "PricingKanji", "PricingKanji\PricingKanji.csproj", "{585324C9-51BC-4700-B174-32A98B001D5D}"
EndProject
Project("{8BC9CEB8-8B4A-11D0-8D11-00A0C91BC942}") = "Wrapper", "Wrapper\Wrapper.vcxproj", "{8BCE29E0-8083-486F-BE80-302AD76AF2B2}"
EndProject
Global
	GlobalSection(SolutionConfigurationPlatforms) = preSolution
		Debug|Any CPU = Debug|Any CPU
		Debug|x64 = Debug|x64
		Debug|x86 = Debug|x86
		Release|Any CPU = Release|Any CPU
		Release|x64 = Release|x64
		Release|x86 = Release|x86
	EndGlobalSection
	GlobalSection(ProjectConfigurationPlatforms) = postSolution
		{FF027613-D614-41B4-855E-60C316DA8BB7}.Debug|Any CPU.ActiveCfg = Debug|Any CPU
		{FF027613-D614-41B4-855E-60C316DA8BB7}.Debug|Any CPU.Build.0 = Debug|Any CPU
		{FF027613-D614-41B4-855E-60C316DA8BB7}.Debug|x64.ActiveCfg = Debug|Any CPU
		{FF027613-D614-41B4-855E-60C316DA8BB7}.Debug|x64.Build.0 = Debug|Any CPU
		{FF027613-D614-41B4-855E-60C316DA8BB7}.Debug|x86.ActiveCfg = Debug|Any CPU
		{FF027613-D614-41B4-855E-60C316DA8BB7}.Debug|x86.Build.0 = Debug|Any CPU
		{FF027613-D614-41B4-855E-60C316DA8BB7}.Release|Any CPU.ActiveCfg = Release|Any CPU
		{FF027613-D614-41B4-855E-60C316DA8BB7}.Release|Any CPU.Build.0 = Release|Any CPU
		{FF027613-D614-41B4-855E-60C316DA8BB7}.Release|x64.ActiveCfg = Release|Any CPU
		{FF027613-D614-41B4-855E-60C316DA8BB7}.Release|x64.Build.0 = Release|Any CPU
		{FF027613-D614-41B4-855E-60C316DA8BB7}.Release|x86.ActiveCfg = Release|Any CPU
		{FF027613-D614-41B4-855E-60C316DA8BB7}.Release|x86.Build.0 = Release|Any CPU
		{CAFEB82F-9272-4C2D-9434-8FED782CB3E4}.Debug|Any CPU.ActiveCfg = Debug|Win32
		{CAFEB82F-9272-4C2D-9434-8FED782CB3E4}.Debug|x64.ActiveCfg = Debug|x64
		{CAFEB82F-9272-4C2D-9434-8FED782CB3E4}.Debug|x64.Build.0 = Debug|x64
		{CAFEB82F-9272-4C2D-9434-8FED782CB3E4}.Debug|x86.ActiveCfg = Debug|Win32
		{CAFEB82F-9272-4C2D-9434-8FED782CB3E4}.Debug|x86.Build.0 = Debug|Win32
		{CAFEB82F-9272-4C2D-9434-8FED782CB3E4}.Release|Any CPU.ActiveCfg = Release|Win32
		{CAFEB82F-9272-4C2D-9434-8FED782CB3E4}.Release|x64.ActiveCfg = Release|x64
		{CAFEB82F-9272-4C2D-9434-8FED782CB3E4}.Release|x64.Build.0 = Release|x64
		{CAFEB82F-9272-4C2D-9434-8FED782CB3E4}.Release|x86.ActiveCfg = Release|Win32
		{CAFEB82F-9272-4C2D-9434-8FED782CB3E4}.Release|x86.Build.0 = Release|Win32
		{EBD4F94D-03DB-484C-AA51-A73B103C4653}.Debug|Any CPU.ActiveCfg = Debug|Win32
		{EBD4F94D-03DB-484C-AA51-A73B103C4653}.Debug|x64.ActiveCfg = Debug|x64
		{EBD4F94D-03DB-484C-AA51-A73B103C4653}.Debug|x64.Build.0 = Debug|x64
		{EBD4F94D-03DB-484C-AA51-A73B103C4653}.Debug|x86.ActiveCfg = Debug|Win32
		{EBD4F94D-03DB-484C-AA51-A73B103C4653}.Debug|x86.Build.0 = Debug|Win32
		{EBD4F94D-03DB-484C-AA51-A73B103C4653}.Release|Any CPU.ActiveCfg = Release|Win32
		{EBD4F94D-03DB-484C-AA51-A73B103C4653}.Release|x64.ActiveCfg = Release|x64
		{EBD4F94D-03DB-484C-AA51-A73B103C4653}.Release|x64.Build.0 = Release|x64
		{EBD4F94D-03DB-484C-AA51-A73B103C4653}.Release|x86.ActiveCfg = Release|Win32
		{EBD4F94D-03DB-484C-AA51-A73B103C4653}.Release|x86.Build.0 = Release|Win32
		{7D008B51-D480-4563-8A12-0DAF99B86998}.Debug|Any CPU.ActiveCfg = Debug|Win32
		{7D008B51-D480-4563-8A12-0DAF99B86998}.Debug|x64.ActiveCfg = Debug|x64
		{7D008B51-D480-4563-8A12-0DAF99B86998}.Debug|x64.Build.0 = Debug|x64
		{7D008B51-D480-4563-8A12-0DAF99B86998}.Debug|x86.ActiveCfg = Debug|Win32
		{7D008B51-D480-4563-8A12-0DAF99B86998}.Debug|x86.Build.0 = Debug|Win32
		{7D008B51-D480-4563-8A12-0DAF99B86998}.Release|Any CPU.ActiveCfg = Release|Win32
		{7D008B51-D480-4563-8A12-0DAF99B86998}.Release|x64.ActiveCfg = Release|x64
		{7D008B51-D480-4563-8A12-0DAF99B86998}.Release|x64.Build.0 = Release|x64
		{7D008B51-D480-4563-8A12-0DAF99B86998}.Release|x86.ActiveCfg = Release|Win32
		{7D008B51-D480-4563-8A12-0DAF99B86998}.Release|x86.Build.0 = Release|Win32
		{1D60021A-BC78-458D-B18C-B1D3845FB77E}.Debug|Any CPU.ActiveCfg = Debug|Win32
		{1D60021A-BC78-458D-B18C-B1D3845FB77E}.Debug|x64.ActiveCfg = Debug|x64
		{1D60021A-BC78-458D-B18C-B1D3845FB77E}.Debug|x64.Build.0 = Debug|x64
		{1D60021A-BC78-458D-B18C-B1D3845FB77E}.Debug|x86.ActiveCfg = Debug|Win32
		{1D60021A-BC78-458D-B18C-B1D3845FB77E}.Debug|x86.Build.0 = Debug|Win32
		{1D60021A-BC78-458D-B18C-B1D3845FB77E}.Release|Any CPU.ActiveCfg = Release|Win32
		{1D60021A-BC78-458D-B18C-B1D3845FB77E}.Release|x64.ActiveCfg = Release|x64
		{1D60021A-BC78-458D-B18C-B1D3845FB77E}.Release|x64.Build.0 = Release|x64
		{1D60021A-BC78-458D-B18C-B1D3845FB77E}.Release|x86.ActiveCfg = Release|Win32
		{1D60021A-BC78-458D-B18C-B1D3845FB77E}.Release|x86.Build.0 = Release|Win32
		{585324C9-51BC-4700-B174-32A98B001D5D}.Debug|Any CPU.ActiveCfg = Debug|Any CPU
		{585324C9-51BC-4700-B174-32A98B001D5D}.Debug|Any CPU.Build.0 = Debug|Any CPU
		{585324C9-51BC-4700-B174-32A98B001D5D}.Debug|x64.ActiveCfg = Debug|x64
		{585324C9-51BC-4700-B174-32A98B001D5D}.Debug|x64.Build.0 = Debug|x64
		{585324C9-51BC-4700-B174-32A98B001D5D}.Debug|x86.ActiveCfg = Debug|Any CPU
		{585324C9-51BC-4700-B174-32A98B001D5D}.Debug|x86.Build.0 = Debug|Any CPU
		{585324C9-51BC-4700-B174-32A98B001D5D}.Release|Any CPU.ActiveCfg = Release|Any CPU
		{585324C9-51BC-4700-B174-32A98B001D5D}.Release|Any CPU.Build.0 = Release|Any CPU
		{585324C9-51BC-4700-B174-32A98B001D5D}.Release|x64.ActiveCfg = Release|x64
		{585324C9-51BC-4700-B174-32A98B001D5D}.Release|x64.Build.0 = Release|x64
		{585324C9-51BC-4700-B174-32A98B001D5D}.Release|x86.ActiveCfg = Release|Any CPU
		{585324C9-51BC-4700-B174-32A98B001D5D}.Release|x86.Build.0 = Release|Any CPU
		{8BCE29E0-8083-486F-BE80-302AD76AF2B2}.Debug|Any CPU.ActiveCfg = Debug|Win32
		{8BCE29E0-8083-486F-BE80-302AD76AF2B2}.Debug|x64.ActiveCfg = Debug|x64
		{8BCE29E0-8083-486F-BE80-302AD76AF2B2}.Debug|x64.Build.0 = Debug|x64
		{8BCE29E0-8083-486F-BE80-302AD76AF2B2}.Debug|x86.ActiveCfg = Debug|Win32
		{8BCE29E0-8083-486F-BE80-302AD76AF2B2}.Debug|x86.Build.0 = Debug|Win32
		{8BCE29E0-8083-486F-BE80-302AD76AF2B2}.Release|Any CPU.ActiveCfg = Release|Win32
		{8BCE29E0-8083-486F-BE80-302AD76AF2B2}.Release|x64.ActiveCfg = Release|x64
		{8BCE29E0-8083-486F-BE80-302AD76AF2B2}.Release|x64.Build.0 = Release|x64
		{8BCE29E0-8083-486F-BE80-302AD76AF2B2}.Release|x86.ActiveCfg = Release|Win32
		{8BCE29E0-8083-486F-BE80-302AD76AF2B2}.Release|x86.Build.0 = Release|Win32
	EndGlobalSection
	GlobalSection(SolutionProperties) = preSolution
		HideSolutionNode = FALSE
	EndGlobalSection
	GlobalSection(ExtensibilityGlobals) = postSolution
		SolutionGuid = {94A0E6D6-5057-4F95-8710-44B371605CFC}
	EndGlobalSection
EndGlobal
