
Microsoft Visual Studio Solution File, Format Version 12.00
# Visual Studio Version 16
VisualStudioVersion = 16.0.29827.131
MinimumVisualStudioVersion = 10.0.40219.1
Project("{8BC9CEB8-8B4A-11D0-8D11-00A0C91BC942}") = "Wrapper", "Wrapper\Wrapper.vcxproj", "{8BCE29E0-8083-486F-BE80-302AD76AF2B2}"
EndProject
Project("{FAE04EC0-301F-11D3-BF4B-00C04F79EFBC}") = "WindowsFormsApp", "WindowsFormsApp\WindowsFormsApp.csproj", "{3EF51ACF-6838-4B14-AC25-8870D3C74077}"
EndProject
Project("{FAE04EC0-301F-11D3-BF4B-00C04F79EFBC}") = "TestWebApplication", "TestWebApplication\TestWebApplication.csproj", "{746D21E1-5FE8-4F98-9700-47C66669130D}"
EndProject
Project("{8BC9CEB8-8B4A-11D0-8D11-00A0C91BC942}") = "PricerValidation", "PricerValidation\PricerValidation.vcxproj", "{EBD4F94D-03DB-484C-AA51-A73B103C4653}"
EndProject
Project("{8BC9CEB8-8B4A-11D0-8D11-00A0C91BC942}") = "Pricer", "Pricer\Pricer.vcxproj", "{CAFEB82F-9272-4C2D-9434-8FED782CB3E4}"
EndProject
Global
	GlobalSection(SolutionConfigurationPlatforms) = preSolution
		Debug|Any CPU = Debug|Any CPU
		Debug|x64 = Debug|x64
		Debug|x86 = Debug|x86
		Release|Any CPU = Release|Any CPU
		Release|x64 = Release|x64
		Release|x86 = Release|x86
	EndGlobalSection
	GlobalSection(ProjectConfigurationPlatforms) = postSolution
		{8BCE29E0-8083-486F-BE80-302AD76AF2B2}.Debug|Any CPU.ActiveCfg = Debug|Win32
		{8BCE29E0-8083-486F-BE80-302AD76AF2B2}.Debug|x64.ActiveCfg = Debug|x64
		{8BCE29E0-8083-486F-BE80-302AD76AF2B2}.Debug|x64.Build.0 = Debug|x64
		{8BCE29E0-8083-486F-BE80-302AD76AF2B2}.Debug|x86.ActiveCfg = Debug|Win32
		{8BCE29E0-8083-486F-BE80-302AD76AF2B2}.Debug|x86.Build.0 = Debug|Win32
		{8BCE29E0-8083-486F-BE80-302AD76AF2B2}.Release|Any CPU.ActiveCfg = Release|Win32
		{8BCE29E0-8083-486F-BE80-302AD76AF2B2}.Release|x64.ActiveCfg = Release|x64
		{8BCE29E0-8083-486F-BE80-302AD76AF2B2}.Release|x64.Build.0 = Release|x64
		{8BCE29E0-8083-486F-BE80-302AD76AF2B2}.Release|x86.ActiveCfg = Release|Win32
		{8BCE29E0-8083-486F-BE80-302AD76AF2B2}.Release|x86.Build.0 = Release|Win32
		{3EF51ACF-6838-4B14-AC25-8870D3C74077}.Debug|Any CPU.ActiveCfg = Debug|Any CPU
		{3EF51ACF-6838-4B14-AC25-8870D3C74077}.Debug|Any CPU.Build.0 = Debug|Any CPU
		{3EF51ACF-6838-4B14-AC25-8870D3C74077}.Debug|x64.ActiveCfg = Debug|x64
		{3EF51ACF-6838-4B14-AC25-8870D3C74077}.Debug|x64.Build.0 = Debug|x64
		{3EF51ACF-6838-4B14-AC25-8870D3C74077}.Debug|x86.ActiveCfg = Debug|Any CPU
		{3EF51ACF-6838-4B14-AC25-8870D3C74077}.Debug|x86.Build.0 = Debug|Any CPU
		{3EF51ACF-6838-4B14-AC25-8870D3C74077}.Release|Any CPU.ActiveCfg = Release|Any CPU
		{3EF51ACF-6838-4B14-AC25-8870D3C74077}.Release|Any CPU.Build.0 = Release|Any CPU
		{3EF51ACF-6838-4B14-AC25-8870D3C74077}.Release|x64.ActiveCfg = Release|Any CPU
		{3EF51ACF-6838-4B14-AC25-8870D3C74077}.Release|x64.Build.0 = Release|Any CPU
		{3EF51ACF-6838-4B14-AC25-8870D3C74077}.Release|x86.ActiveCfg = Release|Any CPU
		{3EF51ACF-6838-4B14-AC25-8870D3C74077}.Release|x86.Build.0 = Release|Any CPU
		{746D21E1-5FE8-4F98-9700-47C66669130D}.Debug|Any CPU.ActiveCfg = Debug|Any CPU
		{746D21E1-5FE8-4F98-9700-47C66669130D}.Debug|Any CPU.Build.0 = Debug|Any CPU
		{746D21E1-5FE8-4F98-9700-47C66669130D}.Debug|x64.ActiveCfg = Debug|x64
		{746D21E1-5FE8-4F98-9700-47C66669130D}.Debug|x64.Build.0 = Debug|x64
		{746D21E1-5FE8-4F98-9700-47C66669130D}.Debug|x86.ActiveCfg = Debug|Any CPU
		{746D21E1-5FE8-4F98-9700-47C66669130D}.Debug|x86.Build.0 = Debug|Any CPU
		{746D21E1-5FE8-4F98-9700-47C66669130D}.Release|Any CPU.ActiveCfg = Release|Any CPU
		{746D21E1-5FE8-4F98-9700-47C66669130D}.Release|Any CPU.Build.0 = Release|Any CPU
		{746D21E1-5FE8-4F98-9700-47C66669130D}.Release|x64.ActiveCfg = Release|Any CPU
		{746D21E1-5FE8-4F98-9700-47C66669130D}.Release|x64.Build.0 = Release|Any CPU
		{746D21E1-5FE8-4F98-9700-47C66669130D}.Release|x86.ActiveCfg = Release|Any CPU
		{746D21E1-5FE8-4F98-9700-47C66669130D}.Release|x86.Build.0 = Release|Any CPU
		{EBD4F94D-03DB-484C-AA51-A73B103C4653}.Debug|Any CPU.ActiveCfg = Debug|Win32
		{EBD4F94D-03DB-484C-AA51-A73B103C4653}.Debug|x64.ActiveCfg = Debug|x64
		{EBD4F94D-03DB-484C-AA51-A73B103C4653}.Debug|x64.Build.0 = Debug|x64
		{EBD4F94D-03DB-484C-AA51-A73B103C4653}.Debug|x86.ActiveCfg = Debug|Win32
		{EBD4F94D-03DB-484C-AA51-A73B103C4653}.Debug|x86.Build.0 = Debug|Win32
		{EBD4F94D-03DB-484C-AA51-A73B103C4653}.Release|Any CPU.ActiveCfg = Release|Win32
		{EBD4F94D-03DB-484C-AA51-A73B103C4653}.Release|x64.ActiveCfg = Release|x64
		{EBD4F94D-03DB-484C-AA51-A73B103C4653}.Release|x64.Build.0 = Release|x64
		{EBD4F94D-03DB-484C-AA51-A73B103C4653}.Release|x86.ActiveCfg = Release|Win32
		{EBD4F94D-03DB-484C-AA51-A73B103C4653}.Release|x86.Build.0 = Release|Win32
		{CAFEB82F-9272-4C2D-9434-8FED782CB3E4}.Debug|Any CPU.ActiveCfg = Debug|Win32
		{CAFEB82F-9272-4C2D-9434-8FED782CB3E4}.Debug|x64.ActiveCfg = Debug|x64
		{CAFEB82F-9272-4C2D-9434-8FED782CB3E4}.Debug|x64.Build.0 = Debug|x64
		{CAFEB82F-9272-4C2D-9434-8FED782CB3E4}.Debug|x86.ActiveCfg = Debug|Win32
		{CAFEB82F-9272-4C2D-9434-8FED782CB3E4}.Debug|x86.Build.0 = Debug|Win32
		{CAFEB82F-9272-4C2D-9434-8FED782CB3E4}.Release|Any CPU.ActiveCfg = Release|Win32
		{CAFEB82F-9272-4C2D-9434-8FED782CB3E4}.Release|x64.ActiveCfg = Release|x64
		{CAFEB82F-9272-4C2D-9434-8FED782CB3E4}.Release|x64.Build.0 = Release|x64
		{CAFEB82F-9272-4C2D-9434-8FED782CB3E4}.Release|x86.ActiveCfg = Release|Win32
		{CAFEB82F-9272-4C2D-9434-8FED782CB3E4}.Release|x86.Build.0 = Release|Win32
	EndGlobalSection
	GlobalSection(SolutionProperties) = preSolution
		HideSolutionNode = FALSE
	EndGlobalSection
	GlobalSection(ExtensibilityGlobals) = postSolution
		SolutionGuid = {AFF793DE-A182-41C3-9F7F-70E5AAF9A7C6}
	EndGlobalSection
EndGlobal
